
Microsoft Visual Studio Solution File, Format Version 12.00
# Visual Studio Version 16
VisualStudioVersion = 16.0.29519.87
MinimumVisualStudioVersion = 10.0.40219.1
Project("{2150E333-8FDC-42A3-9474-1A3956D46DE8}") = "Solution Items", "Solution Items", "{5B9199B3-088B-489E-A071-D270D943898A}"
	ProjectSection(SolutionItems) = preProject
		Agent.cs = Agent.cs
	EndProjectSection
EndProject
Project("{FAE04EC0-301F-11D3-BF4B-00C04F79EFBC}") = "GAP", "GAP\GAP.csproj", "{C523A7C8-06C4-4F6F-8EC1-32F49DA0B5FD}"
EndProject
Global
	GlobalSection(SolutionConfigurationPlatforms) = preSolution
		Debug|Any CPU = Debug|Any CPU
		Release|Any CPU = Release|Any CPU
	EndGlobalSection
	GlobalSection(ProjectConfigurationPlatforms) = postSolution
		{C523A7C8-06C4-4F6F-8EC1-32F49DA0B5FD}.Debug|Any CPU.ActiveCfg = Debug|Any CPU
		{C523A7C8-06C4-4F6F-8EC1-32F49DA0B5FD}.Debug|Any CPU.Build.0 = Debug|Any CPU
		{C523A7C8-06C4-4F6F-8EC1-32F49DA0B5FD}.Release|Any CPU.ActiveCfg = Release|Any CPU
		{C523A7C8-06C4-4F6F-8EC1-32F49DA0B5FD}.Release|Any CPU.Build.0 = Release|Any CPU
	EndGlobalSection
	GlobalSection(SolutionProperties) = preSolution
		HideSolutionNode = FALSE
	EndGlobalSection
	GlobalSection(ExtensibilityGlobals) = postSolution
		SolutionGuid = {7C2D86C1-1096-4234-B05F-EE9D2132B3DF}
	EndGlobalSection
EndGlobal
